
Microsoft Visual Studio Solution File, Format Version 12.00
# Visual Studio Version 16
VisualStudioVersion = 16.0.30804.86
MinimumVisualStudioVersion = 10.0.40219.1
Project("{9A19103F-16F7-4668-BE54-9A1E7A4F7556}") = "WebApplication3", "WebApplication3\WebApplication3.csproj", "{2B792081-D511-4F98-BCB0-DC6956FD5397}"
EndProject
Project("{FAE04EC0-301F-11D3-BF4B-00C04F79EFBC}") = "DataLayer", "DataLayer\DataLayer.csproj", "{D03838DE-138E-4667-8AA0-97205075C704}"
EndProject
Global
	GlobalSection(SolutionConfigurationPlatforms) = preSolution
		Debug|Any CPU = Debug|Any CPU
		Release|Any CPU = Release|Any CPU
	EndGlobalSection
	GlobalSection(ProjectConfigurationPlatforms) = postSolution
		{2B792081-D511-4F98-BCB0-DC6956FD5397}.Debug|Any CPU.ActiveCfg = Debug|Any CPU
		{2B792081-D511-4F98-BCB0-DC6956FD5397}.Debug|Any CPU.Build.0 = Debug|Any CPU
		{2B792081-D511-4F98-BCB0-DC6956FD5397}.Release|Any CPU.ActiveCfg = Release|Any CPU
		{2B792081-D511-4F98-BCB0-DC6956FD5397}.Release|Any CPU.Build.0 = Release|Any CPU
		{D03838DE-138E-4667-8AA0-97205075C704}.Debug|Any CPU.ActiveCfg = Debug|Any CPU
		{D03838DE-138E-4667-8AA0-97205075C704}.Debug|Any CPU.Build.0 = Debug|Any CPU
		{D03838DE-138E-4667-8AA0-97205075C704}.Release|Any CPU.ActiveCfg = Release|Any CPU
		{D03838DE-138E-4667-8AA0-97205075C704}.Release|Any CPU.Build.0 = Release|Any CPU
	EndGlobalSection
	GlobalSection(SolutionProperties) = preSolution
		HideSolutionNode = FALSE
	EndGlobalSection
	GlobalSection(ExtensibilityGlobals) = postSolution
		SolutionGuid = {D8872084-F5F5-4C22-B0F5-5C11445F863A}
	EndGlobalSection
EndGlobal
